# This file is automatically @generated by Cargo.
# It is not intended for manual editing.
version = 3

[[package]]
name = "argmap"
version = "1.1.2"
source = "registry+https://github.com/rust-lang/crates.io-index"
checksum = "c007f456524f3f1e06e8929963425b5dadf8616d9110ea0809840c16997994e9"

[[package]]
name = "cmake-init"
version = "0.1.0"
dependencies = [
 "argmap",
]
